
Microsoft Visual Studio Solution File, Format Version 12.00
# Visual Studio Version 17
VisualStudioVersion = 17.0.31903.59
MinimumVisualStudioVersion = 10.0.40219.1
Project("{2150E333-8FDC-42A3-9474-1A3956D46DE8}") = "src", "src", "{827E0CD3-B72D-47B6-A68D-7590B98EB39B}"
EndProject
Project("{FAE04EC0-301F-11D3-BF4B-00C04F79EFBC}") = "Camp.Compiler", "Camp.Compiler\Camp.Compiler.csproj", "{53E5F78F-07AB-4B32-86B7-69E0BF36B164}"
EndProject
Project("{FAE04EC0-301F-11D3-BF4B-00C04F79EFBC}") = "campc", "campc\campc.csproj", "{9F7A5A5E-4A97-4AC9-A608-F08BD4DD80E3}"
EndProject
Project("{2150E333-8FDC-42A3-9474-1A3956D46DE8}") = "tests", "tests", "{0AB3BF05-4346-4AA6-1389-037BE0695223}"
EndProject
Project("{FAE04EC0-301F-11D3-BF4B-00C04F79EFBC}") = "Camp.Compiler.TestRunner", "Camp.Compiler.TestRunner\Camp.Compiler.TestRunner.csproj", "{58D3DAF9-C12F-4D80-A04B-A9983AC0F242}"
EndProject
Project("{FAE04EC0-301F-11D3-BF4B-00C04F79EFBC}") = "Camp.Compiler.Coverage", "Camp.Compiler.Coverage\Camp.Compiler.Coverage.csproj", "{FD262AE3-B633-4771-908F-4A6FD4C4CD99}"
EndProject
Project("{FAE04EC0-301F-11D3-BF4B-00C04F79EFBC}") = "camp-lsp", "camp-lsp\camp-lsp.csproj", "{52428894-D0D8-4DBD-859B-85DAA6BECF07}"
EndProject
Project("{FAE04EC0-301F-11D3-BF4B-00C04F79EFBC}") = "camp-dap", "camp-dap\camp-dap.csproj", "{D36F86DF-1B71-4E21-8E11-3BB0B1D77C43}"
EndProject
Global
	GlobalSection(SolutionConfigurationPlatforms) = preSolution
		Debug|Any CPU = Debug|Any CPU
		Debug|x64 = Debug|x64
		Debug|x86 = Debug|x86
		Release|Any CPU = Release|Any CPU
		Release|x64 = Release|x64
		Release|x86 = Release|x86
	EndGlobalSection
	GlobalSection(ProjectConfigurationPlatforms) = postSolution
		{53E5F78F-07AB-4B32-86B7-69E0BF36B164}.Debug|Any CPU.ActiveCfg = Debug|Any CPU
		{53E5F78F-07AB-4B32-86B7-69E0BF36B164}.Debug|Any CPU.Build.0 = Debug|Any CPU
		{53E5F78F-07AB-4B32-86B7-69E0BF36B164}.Debug|x64.ActiveCfg = Debug|Any CPU
		{53E5F78F-07AB-4B32-86B7-69E0BF36B164}.Debug|x64.Build.0 = Debug|Any CPU
		{53E5F78F-07AB-4B32-86B7-69E0BF36B164}.Debug|x86.ActiveCfg = Debug|Any CPU
		{53E5F78F-07AB-4B32-86B7-69E0BF36B164}.Debug|x86.Build.0 = Debug|Any CPU
		{53E5F78F-07AB-4B32-86B7-69E0BF36B164}.Release|Any CPU.ActiveCfg = Release|Any CPU
		{53E5F78F-07AB-4B32-86B7-69E0BF36B164}.Release|Any CPU.Build.0 = Release|Any CPU
		{53E5F78F-07AB-4B32-86B7-69E0BF36B164}.Release|x64.ActiveCfg = Release|Any CPU
		{53E5F78F-07AB-4B32-86B7-69E0BF36B164}.Release|x64.Build.0 = Release|Any CPU
		{53E5F78F-07AB-4B32-86B7-69E0BF36B164}.Release|x86.ActiveCfg = Release|Any CPU
		{53E5F78F-07AB-4B32-86B7-69E0BF36B164}.Release|x86.Build.0 = Release|Any CPU
		{9F7A5A5E-4A97-4AC9-A608-F08BD4DD80E3}.Debug|Any CPU.ActiveCfg = Debug|Any CPU
		{9F7A5A5E-4A97-4AC9-A608-F08BD4DD80E3}.Debug|Any CPU.Build.0 = Debug|Any CPU
		{9F7A5A5E-4A97-4AC9-A608-F08BD4DD80E3}.Debug|x64.ActiveCfg = Debug|Any CPU
		{9F7A5A5E-4A97-4AC9-A608-F08BD4DD80E3}.Debug|x64.Build.0 = Debug|Any CPU
		{9F7A5A5E-4A97-4AC9-A608-F08BD4DD80E3}.Debug|x86.ActiveCfg = Debug|Any CPU
		{9F7A5A5E-4A97-4AC9-A608-F08BD4DD80E3}.Debug|x86.Build.0 = Debug|Any CPU
		{9F7A5A5E-4A97-4AC9-A608-F08BD4DD80E3}.Release|Any CPU.ActiveCfg = Release|Any CPU
		{9F7A5A5E-4A97-4AC9-A608-F08BD4DD80E3}.Release|Any CPU.Build.0 = Release|Any CPU
		{9F7A5A5E-4A97-4AC9-A608-F08BD4DD80E3}.Release|x64.ActiveCfg = Release|Any CPU
		{9F7A5A5E-4A97-4AC9-A608-F08BD4DD80E3}.Release|x64.Build.0 = Release|Any CPU
		{9F7A5A5E-4A97-4AC9-A608-F08BD4DD80E3}.Release|x86.ActiveCfg = Release|Any CPU
		{9F7A5A5E-4A97-4AC9-A608-F08BD4DD80E3}.Release|x86.Build.0 = Release|Any CPU
		{58D3DAF9-C12F-4D80-A04B-A9983AC0F242}.Debug|Any CPU.ActiveCfg = Debug|Any CPU
		{58D3DAF9-C12F-4D80-A04B-A9983AC0F242}.Debug|Any CPU.Build.0 = Debug|Any CPU
		{58D3DAF9-C12F-4D80-A04B-A9983AC0F242}.Debug|x64.ActiveCfg = Debug|Any CPU
		{58D3DAF9-C12F-4D80-A04B-A9983AC0F242}.Debug|x64.Build.0 = Debug|Any CPU
		{58D3DAF9-C12F-4D80-A04B-A9983AC0F242}.Debug|x86.ActiveCfg = Debug|Any CPU
		{58D3DAF9-C12F-4D80-A04B-A9983AC0F242}.Debug|x86.Build.0 = Debug|Any CPU
		{58D3DAF9-C12F-4D80-A04B-A9983AC0F242}.Release|Any CPU.ActiveCfg = Release|Any CPU
		{58D3DAF9-C12F-4D80-A04B-A9983AC0F242}.Release|Any CPU.Build.0 = Release|Any CPU
		{58D3DAF9-C12F-4D80-A04B-A9983AC0F242}.Release|x64.ActiveCfg = Release|Any CPU
		{58D3DAF9-C12F-4D80-A04B-A9983AC0F242}.Release|x64.Build.0 = Release|Any CPU
		{58D3DAF9-C12F-4D80-A04B-A9983AC0F242}.Release|x86.ActiveCfg = Release|Any CPU
		{58D3DAF9-C12F-4D80-A04B-A9983AC0F242}.Release|x86.Build.0 = Release|Any CPU
		{FD262AE3-B633-4771-908F-4A6FD4C4CD99}.Debug|Any CPU.ActiveCfg = Debug|Any CPU
		{FD262AE3-B633-4771-908F-4A6FD4C4CD99}.Debug|Any CPU.Build.0 = Debug|Any CPU
		{FD262AE3-B633-4771-908F-4A6FD4C4CD99}.Debug|x64.ActiveCfg = Debug|Any CPU
		{FD262AE3-B633-4771-908F-4A6FD4C4CD99}.Debug|x64.Build.0 = Debug|Any CPU
		{FD262AE3-B633-4771-908F-4A6FD4C4CD99}.Debug|x86.ActiveCfg = Debug|Any CPU
		{FD262AE3-B633-4771-908F-4A6FD4C4CD99}.Debug|x86.Build.0 = Debug|Any CPU
		{FD262AE3-B633-4771-908F-4A6FD4C4CD99}.Release|Any CPU.ActiveCfg = Release|Any CPU
		{FD262AE3-B633-4771-908F-4A6FD4C4CD99}.Release|Any CPU.Build.0 = Release|Any CPU
		{FD262AE3-B633-4771-908F-4A6FD4C4CD99}.Release|x64.ActiveCfg = Release|Any CPU
		{FD262AE3-B633-4771-908F-4A6FD4C4CD99}.Release|x64.Build.0 = Release|Any CPU
		{FD262AE3-B633-4771-908F-4A6FD4C4CD99}.Release|x86.ActiveCfg = Release|Any CPU
		{FD262AE3-B633-4771-908F-4A6FD4C4CD99}.Release|x86.Build.0 = Release|Any CPU
		{52428894-D0D8-4DBD-859B-85DAA6BECF07}.Debug|Any CPU.ActiveCfg = Debug|Any CPU
		{52428894-D0D8-4DBD-859B-85DAA6BECF07}.Debug|Any CPU.Build.0 = Debug|Any CPU
		{52428894-D0D8-4DBD-859B-85DAA6BECF07}.Debug|x64.ActiveCfg = Debug|Any CPU
		{52428894-D0D8-4DBD-859B-85DAA6BECF07}.Debug|x64.Build.0 = Debug|Any CPU
		{52428894-D0D8-4DBD-859B-85DAA6BECF07}.Debug|x86.ActiveCfg = Debug|Any CPU
		{52428894-D0D8-4DBD-859B-85DAA6BECF07}.Debug|x86.Build.0 = Debug|Any CPU
		{52428894-D0D8-4DBD-859B-85DAA6BECF07}.Release|Any CPU.ActiveCfg = Release|Any CPU
		{52428894-D0D8-4DBD-859B-85DAA6BECF07}.Release|Any CPU.Build.0 = Release|Any CPU
		{52428894-D0D8-4DBD-859B-85DAA6BECF07}.Release|x64.ActiveCfg = Release|Any CPU
		{52428894-D0D8-4DBD-859B-85DAA6BECF07}.Release|x64.Build.0 = Release|Any CPU
		{52428894-D0D8-4DBD-859B-85DAA6BECF07}.Release|x86.ActiveCfg = Release|Any CPU
		{52428894-D0D8-4DBD-859B-85DAA6BECF07}.Release|x86.Build.0 = Release|Any CPU
		{D36F86DF-1B71-4E21-8E11-3BB0B1D77C43}.Debug|Any CPU.ActiveCfg = Debug|Any CPU
		{D36F86DF-1B71-4E21-8E11-3BB0B1D77C43}.Debug|Any CPU.Build.0 = Debug|Any CPU
		{D36F86DF-1B71-4E21-8E11-3BB0B1D77C43}.Debug|x64.ActiveCfg = Debug|Any CPU
		{D36F86DF-1B71-4E21-8E11-3BB0B1D77C43}.Debug|x64.Build.0 = Debug|Any CPU
		{D36F86DF-1B71-4E21-8E11-3BB0B1D77C43}.Debug|x86.ActiveCfg = Debug|Any CPU
		{D36F86DF-1B71-4E21-8E11-3BB0B1D77C43}.Debug|x86.Build.0 = Debug|Any CPU
		{D36F86DF-1B71-4E21-8E11-3BB0B1D77C43}.Release|Any CPU.ActiveCfg = Release|Any CPU
		{D36F86DF-1B71-4E21-8E11-3BB0B1D77C43}.Release|Any CPU.Build.0 = Release|Any CPU
		{D36F86DF-1B71-4E21-8E11-3BB0B1D77C43}.Release|x64.ActiveCfg = Release|Any CPU
		{D36F86DF-1B71-4E21-8E11-3BB0B1D77C43}.Release|x64.Build.0 = Release|Any CPU
		{D36F86DF-1B71-4E21-8E11-3BB0B1D77C43}.Release|x86.ActiveCfg = Release|Any CPU
		{D36F86DF-1B71-4E21-8E11-3BB0B1D77C43}.Release|x86.Build.0 = Release|Any CPU
	EndGlobalSection
	GlobalSection(SolutionProperties) = preSolution
		HideSolutionNode = FALSE
	EndGlobalSection
	GlobalSection(NestedProjects) = preSolution
		{53E5F78F-07AB-4B32-86B7-69E0BF36B164} = {827E0CD3-B72D-47B6-A68D-7590B98EB39B}
		{9F7A5A5E-4A97-4AC9-A608-F08BD4DD80E3} = {827E0CD3-B72D-47B6-A68D-7590B98EB39B}
		{58D3DAF9-C12F-4D80-A04B-A9983AC0F242} = {0AB3BF05-4346-4AA6-1389-037BE0695223}
		{52428894-D0D8-4DBD-859B-85DAA6BECF07} = {827E0CD3-B72D-47B6-A68D-7590B98EB39B}
		{D36F86DF-1B71-4E21-8E11-3BB0B1D77C43} = {827E0CD3-B72D-47B6-A68D-7590B98EB39B}
	EndGlobalSection
EndGlobal
